
Microsoft Visual Studio Solution File, Format Version 12.00
# Visual Studio Version 16
VisualStudioVersion = 16.0.32901.82
MinimumVisualStudioVersion = 10.0.40219.1
Project("{FAE04EC0-301F-11D3-BF4B-00C04F79EFBC}") = "EntityFrameworkExampleUI", "EntityFrameworkExample\EntityFrameworkExampleUI.csproj", "{1EDBF968-5B79-4665-94B7-45C28F6203B6}"
EndProject
Project("{FAE04EC0-301F-11D3-BF4B-00C04F79EFBC}") = "DataAccessLayer", "DataAccessLayer\DataAccessLayer.csproj", "{8C3361A6-3473-43A2-958C-1AA6B3F4FF73}"
EndProject
Project("{FAE04EC0-301F-11D3-BF4B-00C04F79EFBC}") = "BusinessLayer", "BusinessLayer\BusinessLayer.csproj", "{C923977B-9134-46AB-B1F1-FE2722D3A427}"
EndProject
Project("{FAE04EC0-301F-11D3-BF4B-00C04F79EFBC}") = "Entities", "Entities\Entities.csproj", "{5FC50D32-9455-4672-A97B-80A3647759BB}"
EndProject
Global
	GlobalSection(SolutionConfigurationPlatforms) = preSolution
		Debug|Any CPU = Debug|Any CPU
		Release|Any CPU = Release|Any CPU
	EndGlobalSection
	GlobalSection(ProjectConfigurationPlatforms) = postSolution
		{1EDBF968-5B79-4665-94B7-45C28F6203B6}.Debug|Any CPU.ActiveCfg = Debug|Any CPU
		{1EDBF968-5B79-4665-94B7-45C28F6203B6}.Debug|Any CPU.Build.0 = Debug|Any CPU
		{1EDBF968-5B79-4665-94B7-45C28F6203B6}.Release|Any CPU.ActiveCfg = Release|Any CPU
		{1EDBF968-5B79-4665-94B7-45C28F6203B6}.Release|Any CPU.Build.0 = Release|Any CPU
		{8C3361A6-3473-43A2-958C-1AA6B3F4FF73}.Debug|Any CPU.ActiveCfg = Debug|Any CPU
		{8C3361A6-3473-43A2-958C-1AA6B3F4FF73}.Debug|Any CPU.Build.0 = Debug|Any CPU
		{8C3361A6-3473-43A2-958C-1AA6B3F4FF73}.Release|Any CPU.ActiveCfg = Release|Any CPU
		{8C3361A6-3473-43A2-958C-1AA6B3F4FF73}.Release|Any CPU.Build.0 = Release|Any CPU
		{C923977B-9134-46AB-B1F1-FE2722D3A427}.Debug|Any CPU.ActiveCfg = Debug|Any CPU
		{C923977B-9134-46AB-B1F1-FE2722D3A427}.Debug|Any CPU.Build.0 = Debug|Any CPU
		{C923977B-9134-46AB-B1F1-FE2722D3A427}.Release|Any CPU.ActiveCfg = Release|Any CPU
		{C923977B-9134-46AB-B1F1-FE2722D3A427}.Release|Any CPU.Build.0 = Release|Any CPU
		{5FC50D32-9455-4672-A97B-80A3647759BB}.Debug|Any CPU.ActiveCfg = Debug|Any CPU
		{5FC50D32-9455-4672-A97B-80A3647759BB}.Debug|Any CPU.Build.0 = Debug|Any CPU
		{5FC50D32-9455-4672-A97B-80A3647759BB}.Release|Any CPU.ActiveCfg = Release|Any CPU
		{5FC50D32-9455-4672-A97B-80A3647759BB}.Release|Any CPU.Build.0 = Release|Any CPU
	EndGlobalSection
	GlobalSection(SolutionProperties) = preSolution
		HideSolutionNode = FALSE
	EndGlobalSection
	GlobalSection(ExtensibilityGlobals) = postSolution
		SolutionGuid = {C0AC16E9-4710-428B-ABCA-9F666138C850}
	EndGlobalSection
EndGlobal
